
Microsoft Visual Studio Solution File, Format Version 12.00
# Visual Studio Version 16
VisualStudioVersion = 16.0.29306.81
MinimumVisualStudioVersion = 10.0.40219.1
Project("{FAE04EC0-301F-11D3-BF4B-00C04F79EFBC}") = "FNG Status Plugin 2.0", "FNG Status Plugin 2.0.csproj", "{619028CD-C0DA-4F1D-B272-342ACBDEB80C}"
EndProject
Global
	GlobalSection(SolutionConfigurationPlatforms) = preSolution
		Debug|Any CPU = Debug|Any CPU
		Release|Any CPU = Release|Any CPU
	EndGlobalSection
	GlobalSection(ProjectConfigurationPlatforms) = postSolution
		{619028CD-C0DA-4F1D-B272-342ACBDEB80C}.Debug|Any CPU.ActiveCfg = Debug|Any CPU
		{619028CD-C0DA-4F1D-B272-342ACBDEB80C}.Debug|Any CPU.Build.0 = Debug|Any CPU
		{619028CD-C0DA-4F1D-B272-342ACBDEB80C}.Release|Any CPU.ActiveCfg = Release|Any CPU
		{619028CD-C0DA-4F1D-B272-342ACBDEB80C}.Release|Any CPU.Build.0 = Release|Any CPU
	EndGlobalSection
	GlobalSection(SolutionProperties) = preSolution
		HideSolutionNode = FALSE
	EndGlobalSection
	GlobalSection(ExtensibilityGlobals) = postSolution
		SolutionGuid = {7AE62CB9-4431-4E61-8789-AC63940E270E}
	EndGlobalSection
EndGlobal
